
Microsoft Visual Studio Solution File, Format Version 12.00
# Visual Studio Version 16
VisualStudioVersion = 16.0.32602.291
MinimumVisualStudioVersion = 10.0.40219.1
Project("{FAE04EC0-301F-11D3-BF4B-00C04F79EFBC}") = "OOP_Lad_14.Streams", "OOP_Lad_14.Streams.csproj", "{9217D664-C0B7-46DC-85DE-B374DD175296}"
EndProject
Global
	GlobalSection(SolutionConfigurationPlatforms) = preSolution
		Debug|Any CPU = Debug|Any CPU
		Release|Any CPU = Release|Any CPU
	EndGlobalSection
	GlobalSection(ProjectConfigurationPlatforms) = postSolution
		{9217D664-C0B7-46DC-85DE-B374DD175296}.Debug|Any CPU.ActiveCfg = Debug|Any CPU
		{9217D664-C0B7-46DC-85DE-B374DD175296}.Debug|Any CPU.Build.0 = Debug|Any CPU
		{9217D664-C0B7-46DC-85DE-B374DD175296}.Release|Any CPU.ActiveCfg = Release|Any CPU
		{9217D664-C0B7-46DC-85DE-B374DD175296}.Release|Any CPU.Build.0 = Release|Any CPU
	EndGlobalSection
	GlobalSection(SolutionProperties) = preSolution
		HideSolutionNode = FALSE
	EndGlobalSection
	GlobalSection(ExtensibilityGlobals) = postSolution
		SolutionGuid = {2537B877-7916-48B8-9F89-B2416CEEA829}
	EndGlobalSection
EndGlobal
