
Microsoft Visual Studio Solution File, Format Version 12.00
# Visual Studio Version 16
VisualStudioVersion = 16.0.32602.291
MinimumVisualStudioVersion = 10.0.40219.1
Project("{FAE04EC0-301F-11D3-BF4B-00C04F79EFBC}") = "AiSD_Lab_9.GeneticAlgorithm", "AiSD_Lab_9.GeneticAlgorithm.csproj", "{92C97C6D-A051-4E2E-AD71-B6524AD1AD44}"
EndProject
Global
	GlobalSection(SolutionConfigurationPlatforms) = preSolution
		Debug|Any CPU = Debug|Any CPU
		Release|Any CPU = Release|Any CPU
	EndGlobalSection
	GlobalSection(ProjectConfigurationPlatforms) = postSolution
		{92C97C6D-A051-4E2E-AD71-B6524AD1AD44}.Debug|Any CPU.ActiveCfg = Debug|Any CPU
		{92C97C6D-A051-4E2E-AD71-B6524AD1AD44}.Debug|Any CPU.Build.0 = Debug|Any CPU
		{92C97C6D-A051-4E2E-AD71-B6524AD1AD44}.Release|Any CPU.ActiveCfg = Release|Any CPU
		{92C97C6D-A051-4E2E-AD71-B6524AD1AD44}.Release|Any CPU.Build.0 = Release|Any CPU
	EndGlobalSection
	GlobalSection(SolutionProperties) = preSolution
		HideSolutionNode = FALSE
	EndGlobalSection
	GlobalSection(ExtensibilityGlobals) = postSolution
		SolutionGuid = {1F1C576F-EC6A-4694-8B0B-9C5E3F3ED641}
	EndGlobalSection
EndGlobal
