
Microsoft Visual Studio Solution File, Format Version 12.00
# Visual Studio Version 16
VisualStudioVersion = 16.0.32602.291
MinimumVisualStudioVersion = 10.0.40219.1
Project("{FAE04EC0-301F-11D3-BF4B-00C04F79EFBC}") = "Когтрольная2", "Когтрольная2.csproj", "{B18F004F-D011-4442-8467-45B1397634B9}"
EndProject
Global
	GlobalSection(SolutionConfigurationPlatforms) = preSolution
		Debug|Any CPU = Debug|Any CPU
		Release|Any CPU = Release|Any CPU
	EndGlobalSection
	GlobalSection(ProjectConfigurationPlatforms) = postSolution
		{B18F004F-D011-4442-8467-45B1397634B9}.Debug|Any CPU.ActiveCfg = Debug|Any CPU
		{B18F004F-D011-4442-8467-45B1397634B9}.Debug|Any CPU.Build.0 = Debug|Any CPU
		{B18F004F-D011-4442-8467-45B1397634B9}.Release|Any CPU.ActiveCfg = Release|Any CPU
		{B18F004F-D011-4442-8467-45B1397634B9}.Release|Any CPU.Build.0 = Release|Any CPU
	EndGlobalSection
	GlobalSection(SolutionProperties) = preSolution
		HideSolutionNode = FALSE
	EndGlobalSection
	GlobalSection(ExtensibilityGlobals) = postSolution
		SolutionGuid = {EF47BB25-BE8C-4D5D-8C38-7C47F8896A8C}
	EndGlobalSection
EndGlobal
